
Microsoft Visual Studio Solution File, Format Version 12.00
# Visual Studio 15
VisualStudioVersion = 15.0.27130.2024
MinimumVisualStudioVersion = 10.0.40219.1
Project("{FAE04EC0-301F-11D3-BF4B-00C04F79EFBC}") = "MovieStore", "MovieStore\MovieStore.csproj", "{125F6EE6-CAB4-43C1-8A11-A3AE6EC3152C}"
EndProject
Project("{FAE04EC0-301F-11D3-BF4B-00C04F79EFBC}") = "MovieStore.Tests", "MovieStore.Tests\MovieStore.Tests.csproj", "{A67A249A-1BBD-4AC4-97B0-C610AB67C379}"
EndProject
Global
	GlobalSection(SolutionConfigurationPlatforms) = preSolution
		Debug|Any CPU = Debug|Any CPU
		Release|Any CPU = Release|Any CPU
	EndGlobalSection
	GlobalSection(ProjectConfigurationPlatforms) = postSolution
		{125F6EE6-CAB4-43C1-8A11-A3AE6EC3152C}.Debug|Any CPU.ActiveCfg = Debug|Any CPU
		{125F6EE6-CAB4-43C1-8A11-A3AE6EC3152C}.Debug|Any CPU.Build.0 = Debug|Any CPU
		{125F6EE6-CAB4-43C1-8A11-A3AE6EC3152C}.Release|Any CPU.ActiveCfg = Release|Any CPU
		{125F6EE6-CAB4-43C1-8A11-A3AE6EC3152C}.Release|Any CPU.Build.0 = Release|Any CPU
		{A67A249A-1BBD-4AC4-97B0-C610AB67C379}.Debug|Any CPU.ActiveCfg = Debug|Any CPU
		{A67A249A-1BBD-4AC4-97B0-C610AB67C379}.Debug|Any CPU.Build.0 = Debug|Any CPU
		{A67A249A-1BBD-4AC4-97B0-C610AB67C379}.Release|Any CPU.ActiveCfg = Release|Any CPU
		{A67A249A-1BBD-4AC4-97B0-C610AB67C379}.Release|Any CPU.Build.0 = Release|Any CPU
	EndGlobalSection
	GlobalSection(SolutionProperties) = preSolution
		HideSolutionNode = FALSE
	EndGlobalSection
	GlobalSection(ExtensibilityGlobals) = postSolution
		SolutionGuid = {75D83356-981A-4ABE-8211-456ABEF2983C}
	EndGlobalSection
EndGlobal
